<?xml version="1.0" encoding="utf-8"?>
<Project ToolsVersion="4.0" xmlns="http://schemas.microsoft.com/developer/msbuild/2003">
  <ItemGroup>
    <Filter Include="Resource Files">
      <UniqueIdentifier>{67DA6AB6-F800-4c08-8B7A-83BB121AAD01}</UniqueIdentifier>
      <Extensions>rc;ico;cur;bmp;dlg;rc2;rct;bin;rgs;gif;jpg;jpeg;jpe;resx;tiff;tif;png;wav;mfcribbon-ms</Extensions>
    </Filter>
    <Filter Include="utils">
      <UniqueIdentifier>{b4d208d3-d466-451b-9ede-4567b423fe82}</UniqueIdentifier>
    </Filter>
    <Filter Include="renderer">
      <UniqueIdentifier>{ffed577a-bcfe-4b17-afa3-079574c40b3e}</UniqueIdentifier>
    </Filter>
    <Filter Include="math">
      <UniqueIdentifier>{effa1542-8469-4aa5-af5f-50b94191d22d}</UniqueIdentifier>
    </Filter>
    <Filter Include="particle">
      <UniqueIdentifier>{846dc5bf-73f4-4cbb-905f-54e9a384d77c}</UniqueIdentifier>
    </Filter>
    <Filter Include="base">
      <UniqueIdentifier>{b8f33345-58ac-4d34-9311-9393926bca87}</UniqueIdentifier>
    </Filter>
    <Filter Include="examples">
      <UniqueIdentifier>{2dd52104-a26f-4569-a63c-0e2643a0fa1c}</UniqueIdentifier>
    </Filter>
    <Filter Include="examples\01_cubes">
      <UniqueIdentifier>{8a01f938-8699-46e7-a82f-41a9c29e3185}</UniqueIdentifier>
    </Filter>
    <Filter Include="examples\02_cube_mesh">
      <UniqueIdentifier>{25fa89cb-29d1-40f9-88d0-994e2f4a254f}</UniqueIdentifier>
    </Filter>
    <Filter Include="examples\03_breakout">
      <UniqueIdentifier>{14b42476-e4e8-498b-97f8-1682d9f038a8}</UniqueIdentifier>
    </Filter>
    <Filter Include="sprites">
      <UniqueIdentifier>{9b7ed35b-3108-46fc-8199-1d568015a6a8}</UniqueIdentifier>
    </Filter>
    <Filter Include="examples\04_slingy">
      <UniqueIdentifier>{fb424136-a73a-47cd-abfa-c5b20634c30d}</UniqueIdentifier>
    </Filter>
  </ItemGroup>
  <ItemGroup>
    <None Include="ReadMe.txt" />
    <None Include="small.ico">
      <Filter>Resource Files</Filter>
    </None>
    <None Include="DT.ico">
      <Filter>Resource Files</Filter>
    </None>
  </ItemGroup>
  <ItemGroup>
    <ClInclude Include="utils\Profiler.h">
      <Filter>utils</Filter>
    </ClInclude>
    <ClInclude Include="utils\Log.h">
      <Filter>utils</Filter>
    </ClInclude>
    <ClInclude Include="renderer\render_types.h">
      <Filter>renderer</Filter>
    </ClInclude>
    <ClInclude Include="World.h" />
    <ClInclude Include="Resource.h" />
    <ClInclude Include="stdafx.h" />
    <ClInclude Include="targetver.h" />
    <ClInclude Include="math\BezierCurve.h">
      <Filter>math</Filter>
    </ClInclude>
    <ClInclude Include="renderer\Camera.h">
      <Filter>renderer</Filter>
    </ClInclude>
    <ClInclude Include="renderer\Mesh.h">
      <Filter>renderer</Filter>
    </ClInclude>
    <ClInclude Include="base\BaseApp.h">
      <Filter>base</Filter>
    </ClInclude>
    <ClInclude Include="utils\GameTimer.h">
      <Filter>utils</Filter>
    </ClInclude>
    <ClInclude Include="examples\01_cube\CubeTest.h">
      <Filter>examples\01_cubes</Filter>
    </ClInclude>
    <ClInclude Include="examples\02_cube_mesh\CubeMeshTest.h">
      <Filter>examples\02_cube_mesh</Filter>
    </ClInclude>
    <ClInclude Include="examples\03_breakout\Breakout.h">
      <Filter>examples\03_breakout</Filter>
    </ClInclude>
    <ClInclude Include="utils\stringutils.h">
      <Filter>utils</Filter>
    </ClInclude>
    <ClInclude Include="utils\JSONReader.h">
      <Filter>utils</Filter>
    </ClInclude>
    <ClInclude Include="renderer\Shader.h">
      <Filter>renderer</Filter>
    </ClInclude>
    <ClInclude Include="renderer\gfx.h">
      <Filter>renderer</Filter>
    </ClInclude>
    <ClInclude Include="renderer\VertexIndexBuffer.h">
      <Filter>renderer</Filter>
    </ClInclude>
    <ClInclude Include="sprites\SpriteBatch.h">
      <Filter>sprites</Filter>
    </ClInclude>
    <ClInclude Include="math\mathutils.h">
      <Filter>math</Filter>
    </ClInclude>
    <ClInclude Include="examples\04_slingy\Slingy.h">
      <Filter>examples\04_slingy</Filter>
    </ClInclude>
    <ClInclude Include="particle\ParticleArray.h">
      <Filter>particle</Filter>
    </ClInclude>
    <ClInclude Include="particle\ParticleEmitter.h">
      <Filter>particle</Filter>
    </ClInclude>
    <ClInclude Include="particle\ParticleModifier.h">
      <Filter>particle</Filter>
    </ClInclude>
    <ClInclude Include="particle\ParticleSystem.h">
      <Filter>particle</Filter>
    </ClInclude>
  </ItemGroup>
  <ItemGroup>
    <ClCompile Include="utils\Profiler.cpp">
      <Filter>utils</Filter>
    </ClCompile>
    <ClCompile Include="utils\Log.cpp">
      <Filter>utils</Filter>
    </ClCompile>
    <ClCompile Include="World.cpp" />
    <ClCompile Include="stdafx.cpp" />
    <ClCompile Include="renderer\Camera.cpp">
      <Filter>renderer</Filter>
    </ClCompile>
    <ClCompile Include="renderer\Mesh.cpp">
      <Filter>renderer</Filter>
    </ClCompile>
    <ClCompile Include="base\BaseApp.cpp">
      <Filter>base</Filter>
    </ClCompile>
    <ClCompile Include="utils\GameTimer.cpp">
      <Filter>utils</Filter>
    </ClCompile>
    <ClCompile Include="examples\01_cube\CubeTest.cpp">
      <Filter>examples\01_cubes</Filter>
    </ClCompile>
    <ClCompile Include="examples\02_cube_mesh\CubeMeshTest.cpp">
      <Filter>examples\02_cube_mesh</Filter>
    </ClCompile>
    <ClCompile Include="examples\03_breakout\Breakout.cpp">
      <Filter>examples\03_breakout</Filter>
    </ClCompile>
    <ClCompile Include="utils\stringutils.cpp">
      <Filter>utils</Filter>
    </ClCompile>
    <ClCompile Include="utils\JSONReader.cpp">
      <Filter>utils</Filter>
    </ClCompile>
    <ClCompile Include="base\WindowsApp.cpp">
      <Filter>base</Filter>
    </ClCompile>
    <ClCompile Include="renderer\Shader.cpp">
      <Filter>renderer</Filter>
    </ClCompile>
    <ClCompile Include="renderer\gfx.cpp">
      <Filter>renderer</Filter>
    </ClCompile>
    <ClCompile Include="renderer\VertexIndexBuffer.cpp">
      <Filter>renderer</Filter>
    </ClCompile>
    <ClCompile Include="sprites\SpriteBatch.cpp">
      <Filter>sprites</Filter>
    </ClCompile>
    <ClCompile Include="math\mathutils.cpp">
      <Filter>math</Filter>
    </ClCompile>
    <ClCompile Include="examples\04_slingy\Slingy.cpp">
      <Filter>examples\04_slingy</Filter>
    </ClCompile>
    <ClCompile Include="particle\ParticleEmitter.cpp">
      <Filter>particle</Filter>
    </ClCompile>
    <ClCompile Include="particle\ParticleModifier.cpp">
      <Filter>particle</Filter>
    </ClCompile>
    <ClCompile Include="particle\ParticleSystem.cpp">
      <Filter>particle</Filter>
    </ClCompile>
  </ItemGroup>
  <ItemGroup>
    <ResourceCompile Include="DT.rc">
      <Filter>Resource Files</Filter>
    </ResourceCompile>
  </ItemGroup>
</Project>